
Microsoft Visual Studio Solution File, Format Version 12.00
Project("{FAE04EC0-301F-11D3-BF4B-00C04F79EFBC}") = "03. Delivery Routing", "03. Delivery Routing\03. Delivery Routing.csproj", "{0CA9A6A3-8D4D-4BEF-9FD7-D8182D7B4EFF}"
EndProject
Global
	GlobalSection(SolutionConfigurationPlatforms) = preSolution
		Debug|Any CPU = Debug|Any CPU
		Release|Any CPU = Release|Any CPU
	EndGlobalSection
	GlobalSection(ProjectConfigurationPlatforms) = postSolution
		{0CA9A6A3-8D4D-4BEF-9FD7-D8182D7B4EFF}.Debug|Any CPU.ActiveCfg = Debug|Any CPU
		{0CA9A6A3-8D4D-4BEF-9FD7-D8182D7B4EFF}.Debug|Any CPU.Build.0 = Debug|Any CPU
		{0CA9A6A3-8D4D-4BEF-9FD7-D8182D7B4EFF}.Release|Any CPU.ActiveCfg = Release|Any CPU
		{0CA9A6A3-8D4D-4BEF-9FD7-D8182D7B4EFF}.Release|Any CPU.Build.0 = Release|Any CPU
	EndGlobalSection
EndGlobal
