
Microsoft Visual Studio Solution File, Format Version 12.00
Project("{FAE04EC0-301F-11D3-BF4B-00C04F79EFBC}") = "01. Ritual Circle", "01. Ritual Circle\01. Ritual Circle.csproj", "{F4E64BB3-D4FF-4491-9B06-9A79FFB32E0D}"
EndProject
Global
	GlobalSection(SolutionConfigurationPlatforms) = preSolution
		Debug|Any CPU = Debug|Any CPU
		Release|Any CPU = Release|Any CPU
	EndGlobalSection
	GlobalSection(ProjectConfigurationPlatforms) = postSolution
		{F4E64BB3-D4FF-4491-9B06-9A79FFB32E0D}.Debug|Any CPU.ActiveCfg = Debug|Any CPU
		{F4E64BB3-D4FF-4491-9B06-9A79FFB32E0D}.Debug|Any CPU.Build.0 = Debug|Any CPU
		{F4E64BB3-D4FF-4491-9B06-9A79FFB32E0D}.Release|Any CPU.ActiveCfg = Release|Any CPU
		{F4E64BB3-D4FF-4491-9B06-9A79FFB32E0D}.Release|Any CPU.Build.0 = Release|Any CPU
	EndGlobalSection
EndGlobal
