
Microsoft Visual Studio Solution File, Format Version 12.00
Project("{FAE04EC0-301F-11D3-BF4B-00C04F79EFBC}") = "01. Signalization for Condition", "01. Signalization for Condition\01. Signalization for Condition.csproj", "{D965E47F-1CAD-40C7-8350-140BAF2A2AFB}"
EndProject
Global
	GlobalSection(SolutionConfigurationPlatforms) = preSolution
		Debug|Any CPU = Debug|Any CPU
		Release|Any CPU = Release|Any CPU
	EndGlobalSection
	GlobalSection(ProjectConfigurationPlatforms) = postSolution
		{D965E47F-1CAD-40C7-8350-140BAF2A2AFB}.Debug|Any CPU.ActiveCfg = Debug|Any CPU
		{D965E47F-1CAD-40C7-8350-140BAF2A2AFB}.Debug|Any CPU.Build.0 = Debug|Any CPU
		{D965E47F-1CAD-40C7-8350-140BAF2A2AFB}.Release|Any CPU.ActiveCfg = Release|Any CPU
		{D965E47F-1CAD-40C7-8350-140BAF2A2AFB}.Release|Any CPU.Build.0 = Release|Any CPU
	EndGlobalSection
EndGlobal
