
Microsoft Visual Studio Solution File, Format Version 12.00
Project("{FAE04EC0-301F-11D3-BF4B-00C04F79EFBC}") = "02. Code Organization", "02. Code Organization\02. Code Organization.csproj", "{89AFB7AF-DB03-485E-9852-6AE4E2BEDB7C}"
EndProject
Global
	GlobalSection(SolutionConfigurationPlatforms) = preSolution
		Debug|Any CPU = Debug|Any CPU
		Release|Any CPU = Release|Any CPU
	EndGlobalSection
	GlobalSection(ProjectConfigurationPlatforms) = postSolution
		{89AFB7AF-DB03-485E-9852-6AE4E2BEDB7C}.Debug|Any CPU.ActiveCfg = Debug|Any CPU
		{89AFB7AF-DB03-485E-9852-6AE4E2BEDB7C}.Debug|Any CPU.Build.0 = Debug|Any CPU
		{89AFB7AF-DB03-485E-9852-6AE4E2BEDB7C}.Release|Any CPU.ActiveCfg = Release|Any CPU
		{89AFB7AF-DB03-485E-9852-6AE4E2BEDB7C}.Release|Any CPU.Build.0 = Release|Any CPU
	EndGlobalSection
EndGlobal
