
Microsoft Visual Studio Solution File, Format Version 12.00
Project("{FAE04EC0-301F-11D3-BF4B-00C04F79EFBC}") = "02. State Change", "02. State Change\02. State Change.csproj", "{B37478DF-7AC9-4741-838F-16712733C2E9}"
EndProject
Global
	GlobalSection(SolutionConfigurationPlatforms) = preSolution
		Debug|Any CPU = Debug|Any CPU
		Release|Any CPU = Release|Any CPU
	EndGlobalSection
	GlobalSection(ProjectConfigurationPlatforms) = postSolution
		{B37478DF-7AC9-4741-838F-16712733C2E9}.Debug|Any CPU.ActiveCfg = Debug|Any CPU
		{B37478DF-7AC9-4741-838F-16712733C2E9}.Debug|Any CPU.Build.0 = Debug|Any CPU
		{B37478DF-7AC9-4741-838F-16712733C2E9}.Release|Any CPU.ActiveCfg = Release|Any CPU
		{B37478DF-7AC9-4741-838F-16712733C2E9}.Release|Any CPU.Build.0 = Release|Any CPU
	EndGlobalSection
EndGlobal
