
Microsoft Visual Studio Solution File, Format Version 12.00
Project("{FAE04EC0-301F-11D3-BF4B-00C04F79EFBC}") = "03. Lost in the maze", "03. Lost in the maze\03. Lost in the maze.csproj", "{307C5BF1-7606-4EB7-B48D-39B4CACBF6DD}"
EndProject
Global
	GlobalSection(SolutionConfigurationPlatforms) = preSolution
		Debug|Any CPU = Debug|Any CPU
		Release|Any CPU = Release|Any CPU
	EndGlobalSection
	GlobalSection(ProjectConfigurationPlatforms) = postSolution
		{307C5BF1-7606-4EB7-B48D-39B4CACBF6DD}.Debug|Any CPU.ActiveCfg = Debug|Any CPU
		{307C5BF1-7606-4EB7-B48D-39B4CACBF6DD}.Debug|Any CPU.Build.0 = Debug|Any CPU
		{307C5BF1-7606-4EB7-B48D-39B4CACBF6DD}.Release|Any CPU.ActiveCfg = Release|Any CPU
		{307C5BF1-7606-4EB7-B48D-39B4CACBF6DD}.Release|Any CPU.Build.0 = Release|Any CPU
	EndGlobalSection
EndGlobal
